
Microsoft Visual Studio Solution File, Format Version 12.00
# Visual Studio 14
VisualStudioVersion = 14.0.25420.1
MinimumVisualStudioVersion = 10.0.40219.1
Project("{FAE04EC0-301F-11D3-BF4B-00C04F79EFBC}") = "IPTV_Player", "IPTV_Player\IPTV_Player.csproj", "{7F767989-B1A2-4E76-A907-6800B40C8AA3}"
EndProject
Project("{FAE04EC0-301F-11D3-BF4B-00C04F79EFBC}") = "IPTV.Infrastructure", "IPTV.Infrastructure\IPTV.Infrastructure.csproj", "{340545BD-982D-4EAF-A42A-805841DFD5E2}"
EndProject
Project("{FAE04EC0-301F-11D3-BF4B-00C04F79EFBC}") = "IPTV.DataModel", "IPTV.DataModel\IPTV.DataModel.csproj", "{7656648C-E95D-4235-9569-E8581D60AC47}"
EndProject
Project("{FAE04EC0-301F-11D3-BF4B-00C04F79EFBC}") = "IPTV.Logger", "IPTV.Logger\IPTV.Logger.csproj", "{D7ACEC79-6E90-4488-9140-22CA559D30B0}"
EndProject
Project("{2150E333-8FDC-42A3-9474-1A3956D46DE8}") = "IPTV.Wrappers", "IPTV.Wrappers", "{12A7572A-7842-469D-9CCC-D0A033ACB0E3}"
EndProject
Project("{FAE04EC0-301F-11D3-BF4B-00C04F79EFBC}") = "M3U8Wrapper", "M3U8Wrapper\M3U8Wrapper.csproj", "{578E8EA1-9FC8-4F6D-8341-DDE7727FE6A9}"
EndProject
Project("{FAE04EC0-301F-11D3-BF4B-00C04F79EFBC}") = "App.Themes", "App.Themes\App.Themes.csproj", "{077E3867-45DB-4B4D-B872-C065FEBC5095}"
EndProject
Project("{FAE04EC0-301F-11D3-BF4B-00C04F79EFBC}") = "IPTV.Core.Presentation", "IPTV.Core.Presentation\IPTV.Core.Presentation.csproj", "{BAF9EC5F-1F58-4F58-91AA-0EDA454C07F6}"
EndProject
Project("{FAE04EC0-301F-11D3-BF4B-00C04F79EFBC}") = "IPTV.PlayerControl", "IPTV.PlayerControl\IPTV.PlayerControl.csproj", "{9235FF32-ADF7-4455-A103-DE7C558A4FE3}"
EndProject
Project("{FAE04EC0-301F-11D3-BF4B-00C04F79EFBC}") = "EpgWrapper", "EpgWrapper\EpgWrapper.csproj", "{337BE49C-D874-416B-A746-4C7B08A5C70B}"
EndProject
Global
	GlobalSection(SolutionConfigurationPlatforms) = preSolution
		Debug|Any CPU = Debug|Any CPU
		Release|Any CPU = Release|Any CPU
	EndGlobalSection
	GlobalSection(ProjectConfigurationPlatforms) = postSolution
		{7F767989-B1A2-4E76-A907-6800B40C8AA3}.Debug|Any CPU.ActiveCfg = Debug|Any CPU
		{7F767989-B1A2-4E76-A907-6800B40C8AA3}.Debug|Any CPU.Build.0 = Debug|Any CPU
		{7F767989-B1A2-4E76-A907-6800B40C8AA3}.Release|Any CPU.ActiveCfg = Release|Any CPU
		{7F767989-B1A2-4E76-A907-6800B40C8AA3}.Release|Any CPU.Build.0 = Release|Any CPU
		{340545BD-982D-4EAF-A42A-805841DFD5E2}.Debug|Any CPU.ActiveCfg = Debug|Any CPU
		{340545BD-982D-4EAF-A42A-805841DFD5E2}.Debug|Any CPU.Build.0 = Debug|Any CPU
		{340545BD-982D-4EAF-A42A-805841DFD5E2}.Release|Any CPU.ActiveCfg = Release|Any CPU
		{340545BD-982D-4EAF-A42A-805841DFD5E2}.Release|Any CPU.Build.0 = Release|Any CPU
		{7656648C-E95D-4235-9569-E8581D60AC47}.Debug|Any CPU.ActiveCfg = Debug|Any CPU
		{7656648C-E95D-4235-9569-E8581D60AC47}.Debug|Any CPU.Build.0 = Debug|Any CPU
		{7656648C-E95D-4235-9569-E8581D60AC47}.Release|Any CPU.ActiveCfg = Release|Any CPU
		{7656648C-E95D-4235-9569-E8581D60AC47}.Release|Any CPU.Build.0 = Release|Any CPU
		{D7ACEC79-6E90-4488-9140-22CA559D30B0}.Debug|Any CPU.ActiveCfg = Debug|Any CPU
		{D7ACEC79-6E90-4488-9140-22CA559D30B0}.Debug|Any CPU.Build.0 = Debug|Any CPU
		{D7ACEC79-6E90-4488-9140-22CA559D30B0}.Release|Any CPU.ActiveCfg = Release|Any CPU
		{D7ACEC79-6E90-4488-9140-22CA559D30B0}.Release|Any CPU.Build.0 = Release|Any CPU
		{578E8EA1-9FC8-4F6D-8341-DDE7727FE6A9}.Debug|Any CPU.ActiveCfg = Debug|Any CPU
		{578E8EA1-9FC8-4F6D-8341-DDE7727FE6A9}.Debug|Any CPU.Build.0 = Debug|Any CPU
		{578E8EA1-9FC8-4F6D-8341-DDE7727FE6A9}.Release|Any CPU.ActiveCfg = Release|Any CPU
		{578E8EA1-9FC8-4F6D-8341-DDE7727FE6A9}.Release|Any CPU.Build.0 = Release|Any CPU
		{077E3867-45DB-4B4D-B872-C065FEBC5095}.Debug|Any CPU.ActiveCfg = Debug|Any CPU
		{077E3867-45DB-4B4D-B872-C065FEBC5095}.Debug|Any CPU.Build.0 = Debug|Any CPU
		{077E3867-45DB-4B4D-B872-C065FEBC5095}.Release|Any CPU.ActiveCfg = Release|Any CPU
		{077E3867-45DB-4B4D-B872-C065FEBC5095}.Release|Any CPU.Build.0 = Release|Any CPU
		{BAF9EC5F-1F58-4F58-91AA-0EDA454C07F6}.Debug|Any CPU.ActiveCfg = Debug|Any CPU
		{BAF9EC5F-1F58-4F58-91AA-0EDA454C07F6}.Debug|Any CPU.Build.0 = Debug|Any CPU
		{BAF9EC5F-1F58-4F58-91AA-0EDA454C07F6}.Release|Any CPU.ActiveCfg = Release|Any CPU
		{BAF9EC5F-1F58-4F58-91AA-0EDA454C07F6}.Release|Any CPU.Build.0 = Release|Any CPU
		{9235FF32-ADF7-4455-A103-DE7C558A4FE3}.Debug|Any CPU.ActiveCfg = Debug|Any CPU
		{9235FF32-ADF7-4455-A103-DE7C558A4FE3}.Debug|Any CPU.Build.0 = Debug|Any CPU
		{9235FF32-ADF7-4455-A103-DE7C558A4FE3}.Release|Any CPU.ActiveCfg = Release|Any CPU
		{9235FF32-ADF7-4455-A103-DE7C558A4FE3}.Release|Any CPU.Build.0 = Release|Any CPU
		{337BE49C-D874-416B-A746-4C7B08A5C70B}.Debug|Any CPU.ActiveCfg = Debug|Any CPU
		{337BE49C-D874-416B-A746-4C7B08A5C70B}.Debug|Any CPU.Build.0 = Debug|Any CPU
		{337BE49C-D874-416B-A746-4C7B08A5C70B}.Release|Any CPU.ActiveCfg = Release|Any CPU
		{337BE49C-D874-416B-A746-4C7B08A5C70B}.Release|Any CPU.Build.0 = Release|Any CPU
	EndGlobalSection
	GlobalSection(SolutionProperties) = preSolution
		HideSolutionNode = FALSE
	EndGlobalSection
	GlobalSection(NestedProjects) = preSolution
		{578E8EA1-9FC8-4F6D-8341-DDE7727FE6A9} = {12A7572A-7842-469D-9CCC-D0A033ACB0E3}
		{337BE49C-D874-416B-A746-4C7B08A5C70B} = {12A7572A-7842-469D-9CCC-D0A033ACB0E3}
	EndGlobalSection
EndGlobal
